
Microsoft Visual Studio Solution File, Format Version 12.00
# Visual Studio Version 16
VisualStudioVersion = 16.0.31424.327
MinimumVisualStudioVersion = 10.0.40219.1
Project("{FAE04EC0-301F-11D3-BF4B-00C04F79EFBC}") = "Mostrar tabuada de um numero (N)", "Mostrar tabuada de um numero (N)\Mostrar tabuada de um numero (N).csproj", "{EB2187C4-A189-4C57-88F5-6CAE42F06D53}"
EndProject
Global
	GlobalSection(SolutionConfigurationPlatforms) = preSolution
		Debug|Any CPU = Debug|Any CPU
		Release|Any CPU = Release|Any CPU
	EndGlobalSection
	GlobalSection(ProjectConfigurationPlatforms) = postSolution
		{EB2187C4-A189-4C57-88F5-6CAE42F06D53}.Debug|Any CPU.ActiveCfg = Debug|Any CPU
		{EB2187C4-A189-4C57-88F5-6CAE42F06D53}.Debug|Any CPU.Build.0 = Debug|Any CPU
		{EB2187C4-A189-4C57-88F5-6CAE42F06D53}.Release|Any CPU.ActiveCfg = Release|Any CPU
		{EB2187C4-A189-4C57-88F5-6CAE42F06D53}.Release|Any CPU.Build.0 = Release|Any CPU
	EndGlobalSection
	GlobalSection(SolutionProperties) = preSolution
		HideSolutionNode = FALSE
	EndGlobalSection
	GlobalSection(ExtensibilityGlobals) = postSolution
		SolutionGuid = {CEECB18F-D4ED-4505-A672-9228B5CAF1F2}
	EndGlobalSection
EndGlobal
